
Microsoft Visual Studio Solution File, Format Version 12.00
# Visual Studio Version 17
VisualStudioVersion = 17.0.32112.339
MinimumVisualStudioVersion = 10.0.40219.1
Project("{FAE04EC0-301F-11D3-BF4B-00C04F79EFBC}") = "TimerCounterLister", "TimerCounterLister\TimerCounterLister.csproj", "{81064FC1-5C1E-4491-96C9-657D544EAB7E}"
EndProject
Project("{FAE04EC0-301F-11D3-BF4B-00C04F79EFBC}") = "ManagedUI", "..\..\ManagedUI\Managed-UI\ManagedUI\ManagedUI.csproj", "{19001DFE-E71C-413A-A38A-AD7E0C43B672}"
EndProject
Global
	GlobalSection(SolutionConfigurationPlatforms) = preSolution
		Debug|Any CPU = Debug|Any CPU
		Debug|x86 = Debug|x86
		DebugX86|Any CPU = DebugX86|Any CPU
		DebugX86|x86 = DebugX86|x86
		Release|Any CPU = Release|Any CPU
		Release|x86 = Release|x86
	EndGlobalSection
	GlobalSection(ProjectConfigurationPlatforms) = postSolution
		{81064FC1-5C1E-4491-96C9-657D544EAB7E}.Debug|Any CPU.ActiveCfg = Debug|Any CPU
		{81064FC1-5C1E-4491-96C9-657D544EAB7E}.Debug|Any CPU.Build.0 = Debug|Any CPU
		{81064FC1-5C1E-4491-96C9-657D544EAB7E}.Debug|x86.ActiveCfg = Debug|Any CPU
		{81064FC1-5C1E-4491-96C9-657D544EAB7E}.Debug|x86.Build.0 = Debug|Any CPU
		{81064FC1-5C1E-4491-96C9-657D544EAB7E}.DebugX86|Any CPU.ActiveCfg = Debug|Any CPU
		{81064FC1-5C1E-4491-96C9-657D544EAB7E}.DebugX86|Any CPU.Build.0 = Debug|Any CPU
		{81064FC1-5C1E-4491-96C9-657D544EAB7E}.DebugX86|x86.ActiveCfg = Debug|Any CPU
		{81064FC1-5C1E-4491-96C9-657D544EAB7E}.DebugX86|x86.Build.0 = Debug|Any CPU
		{81064FC1-5C1E-4491-96C9-657D544EAB7E}.Release|Any CPU.ActiveCfg = Release|Any CPU
		{81064FC1-5C1E-4491-96C9-657D544EAB7E}.Release|Any CPU.Build.0 = Release|Any CPU
		{81064FC1-5C1E-4491-96C9-657D544EAB7E}.Release|x86.ActiveCfg = Release|Any CPU
		{81064FC1-5C1E-4491-96C9-657D544EAB7E}.Release|x86.Build.0 = Release|Any CPU
		{19001DFE-E71C-413A-A38A-AD7E0C43B672}.Debug|Any CPU.ActiveCfg = Debug|Any CPU
		{19001DFE-E71C-413A-A38A-AD7E0C43B672}.Debug|Any CPU.Build.0 = Debug|Any CPU
		{19001DFE-E71C-413A-A38A-AD7E0C43B672}.Debug|x86.ActiveCfg = Debug|x86
		{19001DFE-E71C-413A-A38A-AD7E0C43B672}.Debug|x86.Build.0 = Debug|x86
		{19001DFE-E71C-413A-A38A-AD7E0C43B672}.DebugX86|Any CPU.ActiveCfg = DebugX86|Any CPU
		{19001DFE-E71C-413A-A38A-AD7E0C43B672}.DebugX86|Any CPU.Build.0 = DebugX86|Any CPU
		{19001DFE-E71C-413A-A38A-AD7E0C43B672}.DebugX86|x86.ActiveCfg = DebugX86|x86
		{19001DFE-E71C-413A-A38A-AD7E0C43B672}.DebugX86|x86.Build.0 = DebugX86|x86
		{19001DFE-E71C-413A-A38A-AD7E0C43B672}.Release|Any CPU.ActiveCfg = Release|Any CPU
		{19001DFE-E71C-413A-A38A-AD7E0C43B672}.Release|Any CPU.Build.0 = Release|Any CPU
		{19001DFE-E71C-413A-A38A-AD7E0C43B672}.Release|x86.ActiveCfg = Release|x86
		{19001DFE-E71C-413A-A38A-AD7E0C43B672}.Release|x86.Build.0 = Release|x86
	EndGlobalSection
	GlobalSection(SolutionProperties) = preSolution
		HideSolutionNode = FALSE
	EndGlobalSection
	GlobalSection(ExtensibilityGlobals) = postSolution
		SolutionGuid = {D63F0E60-23A4-48D9-A02A-3B76454685DE}
	EndGlobalSection
EndGlobal
